
Microsoft Visual Studio Solution File, Format Version 12.00
# Visual Studio 15
VisualStudioVersion = 15.0.28307.1321
MinimumVisualStudioVersion = 10.0.40219.1
Project("{8BC9CEB8-8B4A-11D0-8D11-00A0C91BC942}") = "Workshop 06", "Workshop 06\Workshop 06.vcxproj", "{CD35AD61-F6E2-46CA-B102-815ABF166274}"
EndProject
Global
	GlobalSection(SolutionConfigurationPlatforms) = preSolution
		Debug|x64 = Debug|x64
		Debug|x86 = Debug|x86
		Release|x64 = Release|x64
		Release|x86 = Release|x86
	EndGlobalSection
	GlobalSection(ProjectConfigurationPlatforms) = postSolution
		{CD35AD61-F6E2-46CA-B102-815ABF166274}.Debug|x64.ActiveCfg = Debug|x64
		{CD35AD61-F6E2-46CA-B102-815ABF166274}.Debug|x64.Build.0 = Debug|x64
		{CD35AD61-F6E2-46CA-B102-815ABF166274}.Debug|x86.ActiveCfg = Debug|Win32
		{CD35AD61-F6E2-46CA-B102-815ABF166274}.Debug|x86.Build.0 = Debug|Win32
		{CD35AD61-F6E2-46CA-B102-815ABF166274}.Release|x64.ActiveCfg = Release|x64
		{CD35AD61-F6E2-46CA-B102-815ABF166274}.Release|x64.Build.0 = Release|x64
		{CD35AD61-F6E2-46CA-B102-815ABF166274}.Release|x86.ActiveCfg = Release|Win32
		{CD35AD61-F6E2-46CA-B102-815ABF166274}.Release|x86.Build.0 = Release|Win32
	EndGlobalSection
	GlobalSection(SolutionProperties) = preSolution
		HideSolutionNode = FALSE
	EndGlobalSection
	GlobalSection(ExtensibilityGlobals) = postSolution
		SolutionGuid = {E64EA817-BB12-4833-BDC9-1173458D1E82}
	EndGlobalSection
EndGlobal
